
Microsoft Visual Studio Solution File, Format Version 12.00
# Visual Studio 2013
VisualStudioVersion = 12.0.40302.0
MinimumVisualStudioVersion = 10.0.40219.1
Project("{FAE04EC0-301F-11D3-BF4B-00C04F79EFBC}") = "moscot-web", "moscot-web\moscot-web.csproj", "{804F6BD3-63FD-4BB9-88E1-EE5E436B0707}"
EndProject
Global
	GlobalSection(SolutionConfigurationPlatforms) = preSolution
		Debug|Any CPU = Debug|Any CPU
		Release|Any CPU = Release|Any CPU
	EndGlobalSection
	GlobalSection(ProjectConfigurationPlatforms) = postSolution
		{804F6BD3-63FD-4BB9-88E1-EE5E436B0707}.Debug|Any CPU.ActiveCfg = Debug|Any CPU
		{804F6BD3-63FD-4BB9-88E1-EE5E436B0707}.Debug|Any CPU.Build.0 = Debug|Any CPU
		{804F6BD3-63FD-4BB9-88E1-EE5E436B0707}.Release|Any CPU.ActiveCfg = Release|Any CPU
		{804F6BD3-63FD-4BB9-88E1-EE5E436B0707}.Release|Any CPU.Build.0 = Release|Any CPU
	EndGlobalSection
	GlobalSection(SolutionProperties) = preSolution
		HideSolutionNode = FALSE
	EndGlobalSection
EndGlobal
